
Microsoft Visual Studio Solution File, Format Version 11.00
# Visual Studio 2010
Project("{FAE04EC0-301F-11D3-BF4B-00C04F79EFBC}") = "CalculatorHostApp", "CalculatorHostApp\CalculatorHostApp.csproj", "{27FACF9E-046E-4C99-94DE-8BA208C5B401}"
EndProject
Project("{FAE04EC0-301F-11D3-BF4B-00C04F79EFBC}") = "CalculatorPlugInLib", "CalculatorPlugInLib\CalculatorPlugInLib.csproj", "{B1819483-3937-48ED-83DF-66C31752D7A5}"
EndProject
Project("{2150E333-8FDC-42A3-9474-1A3956D46DE8}") = "Dependencies", "Dependencies", "{E6890FDF-DCA1-48D3-AE89-691ED39E07A8}"
	ProjectSection(SolutionItems) = preProject
		Dependencies\Sps.dll = Dependencies\Sps.dll
		Dependencies\Sps.XML = Dependencies\Sps.XML
	EndProjectSection
EndProject
Global
	GlobalSection(SolutionConfigurationPlatforms) = preSolution
		Debug|Any CPU = Debug|Any CPU
		Debug|Mixed Platforms = Debug|Mixed Platforms
		Debug|x86 = Debug|x86
		Release|Any CPU = Release|Any CPU
		Release|Mixed Platforms = Release|Mixed Platforms
		Release|x86 = Release|x86
	EndGlobalSection
	GlobalSection(ProjectConfigurationPlatforms) = postSolution
		{27FACF9E-046E-4C99-94DE-8BA208C5B401}.Debug|Any CPU.ActiveCfg = Debug|x86
		{27FACF9E-046E-4C99-94DE-8BA208C5B401}.Debug|Mixed Platforms.ActiveCfg = Debug|x86
		{27FACF9E-046E-4C99-94DE-8BA208C5B401}.Debug|Mixed Platforms.Build.0 = Debug|x86
		{27FACF9E-046E-4C99-94DE-8BA208C5B401}.Debug|x86.ActiveCfg = Debug|x86
		{27FACF9E-046E-4C99-94DE-8BA208C5B401}.Debug|x86.Build.0 = Debug|x86
		{27FACF9E-046E-4C99-94DE-8BA208C5B401}.Release|Any CPU.ActiveCfg = Release|x86
		{27FACF9E-046E-4C99-94DE-8BA208C5B401}.Release|Mixed Platforms.ActiveCfg = Release|x86
		{27FACF9E-046E-4C99-94DE-8BA208C5B401}.Release|Mixed Platforms.Build.0 = Release|x86
		{27FACF9E-046E-4C99-94DE-8BA208C5B401}.Release|x86.ActiveCfg = Release|x86
		{27FACF9E-046E-4C99-94DE-8BA208C5B401}.Release|x86.Build.0 = Release|x86
		{B1819483-3937-48ED-83DF-66C31752D7A5}.Debug|Any CPU.ActiveCfg = Debug|Any CPU
		{B1819483-3937-48ED-83DF-66C31752D7A5}.Debug|Any CPU.Build.0 = Debug|Any CPU
		{B1819483-3937-48ED-83DF-66C31752D7A5}.Debug|Mixed Platforms.ActiveCfg = Debug|Any CPU
		{B1819483-3937-48ED-83DF-66C31752D7A5}.Debug|Mixed Platforms.Build.0 = Debug|Any CPU
		{B1819483-3937-48ED-83DF-66C31752D7A5}.Debug|x86.ActiveCfg = Debug|Any CPU
		{B1819483-3937-48ED-83DF-66C31752D7A5}.Release|Any CPU.ActiveCfg = Release|Any CPU
		{B1819483-3937-48ED-83DF-66C31752D7A5}.Release|Any CPU.Build.0 = Release|Any CPU
		{B1819483-3937-48ED-83DF-66C31752D7A5}.Release|Mixed Platforms.ActiveCfg = Release|Any CPU
		{B1819483-3937-48ED-83DF-66C31752D7A5}.Release|Mixed Platforms.Build.0 = Release|Any CPU
		{B1819483-3937-48ED-83DF-66C31752D7A5}.Release|x86.ActiveCfg = Release|Any CPU
	EndGlobalSection
	GlobalSection(SolutionProperties) = preSolution
		HideSolutionNode = FALSE
	EndGlobalSection
EndGlobal
